
Microsoft Visual Studio Solution File, Format Version 12.00
# Visual Studio Version 16
VisualStudioVersion = 16.0.29911.84
MinimumVisualStudioVersion = 10.0.40219.1
Project("{FAE04EC0-301F-11D3-BF4B-00C04F79EFBC}") = "smallgame", "smallgame\smallgame.csproj", "{3E2C15C5-EEE8-4F1A-B7FC-AF534E0D22A1}"
EndProject
Global
	GlobalSection(SolutionConfigurationPlatforms) = preSolution
		Debug|Any CPU = Debug|Any CPU
		Release|Any CPU = Release|Any CPU
	EndGlobalSection
	GlobalSection(ProjectConfigurationPlatforms) = postSolution
		{3E2C15C5-EEE8-4F1A-B7FC-AF534E0D22A1}.Debug|Any CPU.ActiveCfg = Debug|Any CPU
		{3E2C15C5-EEE8-4F1A-B7FC-AF534E0D22A1}.Debug|Any CPU.Build.0 = Debug|Any CPU
		{3E2C15C5-EEE8-4F1A-B7FC-AF534E0D22A1}.Release|Any CPU.ActiveCfg = Release|Any CPU
		{3E2C15C5-EEE8-4F1A-B7FC-AF534E0D22A1}.Release|Any CPU.Build.0 = Release|Any CPU
	EndGlobalSection
	GlobalSection(SolutionProperties) = preSolution
		HideSolutionNode = FALSE
	EndGlobalSection
	GlobalSection(ExtensibilityGlobals) = postSolution
		SolutionGuid = {E19133C5-9465-4945-B7F3-1F7099C6BAE1}
	EndGlobalSection
EndGlobal
